
Microsoft Visual Studio Solution File, Format Version 12.00
# Visual Studio Version 16
VisualStudioVersion = 16.0.30320.27
MinimumVisualStudioVersion = 10.0.40219.1
Project("{9A19103F-16F7-4668-BE54-9A1E7A4F7556}") = "TransferTest", "TransferTest\TransferTest.csproj", "{6CC72346-5E0B-4D9E-97CE-25C9D76FECE2}"
EndProject
Project("{2150E333-8FDC-42A3-9474-1A3956D46DE8}") = "Solution Items", "Solution Items", "{ED1B23BF-CC45-4314-8208-BD83EBEAB4BB}"
	ProjectSection(SolutionItems) = preProject
		docker-compose.yml = docker-compose.yml
		Dockerfile = Dockerfile
		ReadMe.md = ReadMe.md
	EndProjectSection
EndProject
Project("{2150E333-8FDC-42A3-9474-1A3956D46DE8}") = "Connectors", "Connectors", "{32098910-2CEF-48F7-A692-ABF0D8A378F0}"
	ProjectSection(SolutionItems) = preProject
		Connectors\docker-compose.yml = Connectors\docker-compose.yml
		Connectors\register-mongo.json = Connectors\register-mongo.json
		Connectors\register-postgres.json = Connectors\register-postgres.json
	EndProjectSection
EndProject
Project("{FAE04EC0-301F-11D3-BF4B-00C04F79EFBC}") = "Worker", "Worker\Worker.csproj", "{A314506D-1BFE-4416-9A43-112925AB67E3}"
EndProject
Global
	GlobalSection(SolutionConfigurationPlatforms) = preSolution
		Debug|Any CPU = Debug|Any CPU
		Release|Any CPU = Release|Any CPU
	EndGlobalSection
	GlobalSection(ProjectConfigurationPlatforms) = postSolution
		{6CC72346-5E0B-4D9E-97CE-25C9D76FECE2}.Debug|Any CPU.ActiveCfg = Debug|Any CPU
		{6CC72346-5E0B-4D9E-97CE-25C9D76FECE2}.Debug|Any CPU.Build.0 = Debug|Any CPU
		{6CC72346-5E0B-4D9E-97CE-25C9D76FECE2}.Release|Any CPU.ActiveCfg = Release|Any CPU
		{6CC72346-5E0B-4D9E-97CE-25C9D76FECE2}.Release|Any CPU.Build.0 = Release|Any CPU
		{2D367870-BB44-4715-9DE9-8713484E7547}.Debug|Any CPU.ActiveCfg = Debug|Any CPU
		{2D367870-BB44-4715-9DE9-8713484E7547}.Debug|Any CPU.Build.0 = Debug|Any CPU
		{2D367870-BB44-4715-9DE9-8713484E7547}.Release|Any CPU.ActiveCfg = Release|Any CPU
		{2D367870-BB44-4715-9DE9-8713484E7547}.Release|Any CPU.Build.0 = Release|Any CPU
		{5BE59EFD-1693-4B37-93B4-5AE575B6EFF3}.Debug|Any CPU.ActiveCfg = Debug|Any CPU
		{5BE59EFD-1693-4B37-93B4-5AE575B6EFF3}.Debug|Any CPU.Build.0 = Debug|Any CPU
		{5BE59EFD-1693-4B37-93B4-5AE575B6EFF3}.Release|Any CPU.ActiveCfg = Release|Any CPU
		{5BE59EFD-1693-4B37-93B4-5AE575B6EFF3}.Release|Any CPU.Build.0 = Release|Any CPU
		{A314506D-1BFE-4416-9A43-112925AB67E3}.Debug|Any CPU.ActiveCfg = Debug|Any CPU
		{A314506D-1BFE-4416-9A43-112925AB67E3}.Debug|Any CPU.Build.0 = Debug|Any CPU
		{A314506D-1BFE-4416-9A43-112925AB67E3}.Release|Any CPU.ActiveCfg = Release|Any CPU
		{A314506D-1BFE-4416-9A43-112925AB67E3}.Release|Any CPU.Build.0 = Release|Any CPU
	EndGlobalSection
	GlobalSection(SolutionProperties) = preSolution
		HideSolutionNode = FALSE
	EndGlobalSection
	GlobalSection(ExtensibilityGlobals) = postSolution
		SolutionGuid = {BD3EF284-DCBB-4CA3-AADD-433720AE58C7}
	EndGlobalSection
EndGlobal
